
Microsoft Visual Studio Solution File, Format Version 12.00
# Visual Studio Version 16
VisualStudioVersion = 16.0.30523.141
MinimumVisualStudioVersion = 10.0.40219.1
Project("{FAE04EC0-301F-11D3-BF4B-00C04F79EFBC}") = "myDesktop", "myDesktop\myDesktop.csproj", "{0FBC6D37-6C10-4EC1-B60A-F184A1CBB75A}"
EndProject
Global
	GlobalSection(SolutionConfigurationPlatforms) = preSolution
		Debug|Any CPU = Debug|Any CPU
		Release|Any CPU = Release|Any CPU
	EndGlobalSection
	GlobalSection(ProjectConfigurationPlatforms) = postSolution
		{0FBC6D37-6C10-4EC1-B60A-F184A1CBB75A}.Debug|Any CPU.ActiveCfg = Debug|Any CPU
		{0FBC6D37-6C10-4EC1-B60A-F184A1CBB75A}.Debug|Any CPU.Build.0 = Debug|Any CPU
		{0FBC6D37-6C10-4EC1-B60A-F184A1CBB75A}.Release|Any CPU.ActiveCfg = Release|Any CPU
		{0FBC6D37-6C10-4EC1-B60A-F184A1CBB75A}.Release|Any CPU.Build.0 = Release|Any CPU
	EndGlobalSection
	GlobalSection(SolutionProperties) = preSolution
		HideSolutionNode = FALSE
	EndGlobalSection
	GlobalSection(ExtensibilityGlobals) = postSolution
		SolutionGuid = {C19BD29D-8E3D-4A37-A984-A6981BCFD46A}
	EndGlobalSection
EndGlobal
